// !$*UTF8*$!
{
	archiveVersion = 1;
	classes = {
	};
	objectVersion = 56;
	objects = {

/* Begin PBXBuildFile section */
		78B741322AA7091A000B8FB0 /* AppDelegate.swift in Sources */ = {isa = PBXBuildFile; fileRef = 78B741312AA7091A000B8FB0 /* AppDelegate.swift */; };
		78B741342AA7091A000B8FB0 /* SceneDelegate.swift in Sources */ = {isa = PBXBuildFile; fileRef = 78B741332AA7091A000B8FB0 /* SceneDelegate.swift */; };
		78B741362AA7091A000B8FB0 /* ViewController.swift in Sources */ = {isa = PBXBuildFile; fileRef = 78B741352AA7091A000B8FB0 /* ViewController.swift */; };
		78B741392AA7091B000B8FB0 /* Main.storyboard in Resources */ = {isa = PBXBuildFile; fileRef = 78B741372AA7091B000B8FB0 /* Main.storyboard */; };
		78B7413B2AA7091C000B8FB0 /* Assets.xcassets in Resources */ = {isa = PBXBuildFile; fileRef = 78B7413A2AA7091C000B8FB0 /* Assets.xcassets */; };
		78B7413E2AA7091C000B8FB0 /* LaunchScreen.storyboard in Resources */ = {isa = PBXBuildFile; fileRef = 78B7413C2AA7091C000B8FB0 /* LaunchScreen.storyboard */; };
		78B741462AA709CC000B8FB0 /* CustomerDetailsView.swift in Sources */ = {isa = PBXBuildFile; fileRef = 78B741452AA709CC000B8FB0 /* CustomerDetailsView.swift */; };
		78B741492AA7106F000B8FB0 /* CustomerDetailsViewModel.swift in Sources */ = {isa = PBXBuildFile; fileRef = 78B741482AA7106F000B8FB0 /* CustomerDetailsViewModel.swift */; };
		78B7414C2AA71124000B8FB0 /* CustomerDetailsDatasource.swift in Sources */ = {isa = PBXBuildFile; fileRef = 78B7414B2AA71124000B8FB0 /* CustomerDetailsDatasource.swift */; };
		78B741522AA71EB3000B8FB0 /* CustomerDetailsCellView.swift in Sources */ = {isa = PBXBuildFile; fileRef = 78B7414F2AA71EB3000B8FB0 /* CustomerDetailsCellView.swift */; };
		78B741532AA71EB3000B8FB0 /* CustomerDetailsCellView.xib in Resources */ = {isa = PBXBuildFile; fileRef = 78B741502AA71EB3000B8FB0 /* CustomerDetailsCellView.xib */; };
		78B741542AA71EB3000B8FB0 /* CustomerDetailsContentConfiguration.swift in Sources */ = {isa = PBXBuildFile; fileRef = 78B741512AA71EB3000B8FB0 /* CustomerDetailsContentConfiguration.swift */; };
		78B741582AA73095000B8FB0 /* CustomerDetailsModel.swift in Sources */ = {isa = PBXBuildFile; fileRef = 78B741572AA73095000B8FB0 /* CustomerDetailsModel.swift */; };
		78B7415A2AA7313E000B8FB0 /* PolicyDetailsContentConfiguration.swift in Sources */ = {isa = PBXBuildFile; fileRef = 78B741592AA7313E000B8FB0 /* PolicyDetailsContentConfiguration.swift */; };
		78B7415C2AA73192000B8FB0 /* PolicyDetailsCellView.swift in Sources */ = {isa = PBXBuildFile; fileRef = 78B7415B2AA73192000B8FB0 /* PolicyDetailsCellView.swift */; };
		78B7415E2AA731F5000B8FB0 /* PolicyDetailsCellView.xib in Resources */ = {isa = PBXBuildFile; fileRef = 78B7415D2AA731F5000B8FB0 /* PolicyDetailsCellView.xib */; };
		78B741682AA78FEC000B8FB0 /* CustomerDetailsCell.swift in Sources */ = {isa = PBXBuildFile; fileRef = 78B741672AA78FEC000B8FB0 /* CustomerDetailsCell.swift */; };
		78B7416A2AA79402000B8FB0 /* PolicyDetailsCellViewModel.swift in Sources */ = {isa = PBXBuildFile; fileRef = 78B741692AA79402000B8FB0 /* PolicyDetailsCellViewModel.swift */; };
		78B7416C2AA79F32000B8FB0 /* CustomerDetailsCellViewModel.swift in Sources */ = {isa = PBXBuildFile; fileRef = 78B7416B2AA79F32000B8FB0 /* CustomerDetailsCellViewModel.swift */; };
		78B741742AA7A38B000B8FB0 /* IB-Segues+Generated.swift in Sources */ = {isa = PBXBuildFile; fileRef = 78B7416E2AA7A38B000B8FB0 /* IB-Segues+Generated.swift */; };
		78B741752AA7A38B000B8FB0 /* Strings+Generated.swift in Sources */ = {isa = PBXBuildFile; fileRef = 78B7416F2AA7A38B000B8FB0 /* Strings+Generated.swift */; };
		78B741762AA7A38B000B8FB0 /* XCAssets+Generated.swift in Sources */ = {isa = PBXBuildFile; fileRef = 78B741702AA7A38B000B8FB0 /* XCAssets+Generated.swift */; };
		78B741772AA7A38B000B8FB0 /* IB-Scenes+Generated.swift in Sources */ = {isa = PBXBuildFile; fileRef = 78B741712AA7A38B000B8FB0 /* IB-Scenes+Generated.swift */; };
		78B741792AA7A38B000B8FB0 /* Fonts+Generated.swift in Sources */ = {isa = PBXBuildFile; fileRef = 78B741732AA7A38B000B8FB0 /* Fonts+Generated.swift */; };
		78B741862AA7A4DB000B8FB0 /* AllianzNeo-Condensed.ttf in Resources */ = {isa = PBXBuildFile; fileRef = 78B7417B2AA7A4DB000B8FB0 /* AllianzNeo-Condensed.ttf */; };
		78B741872AA7A4DB000B8FB0 /* AllianzNeo-CondensedLight.ttf in Resources */ = {isa = PBXBuildFile; fileRef = 78B7417C2AA7A4DB000B8FB0 /* AllianzNeo-CondensedLight.ttf */; };
		78B741882AA7A4DB000B8FB0 /* AllianzNeo-SemiBold.ttf in Resources */ = {isa = PBXBuildFile; fileRef = 78B7417D2AA7A4DB000B8FB0 /* AllianzNeo-SemiBold.ttf */; };
		78B741892AA7A4DB000B8FB0 /* AllianzNeo-Bold.ttf in Resources */ = {isa = PBXBuildFile; fileRef = 78B7417E2AA7A4DB000B8FB0 /* AllianzNeo-Bold.ttf */; };
		78B7418A2AA7A4DB000B8FB0 /* AllianzNeo-Light.ttf in Resources */ = {isa = PBXBuildFile; fileRef = 78B7417F2AA7A4DB000B8FB0 /* AllianzNeo-Light.ttf */; };
		78B7418B2AA7A4DB000B8FB0 /* AllianzNeo-CondensedBold.ttf in Resources */ = {isa = PBXBuildFile; fileRef = 78B741802AA7A4DB000B8FB0 /* AllianzNeo-CondensedBold.ttf */; };
		78B7418C2AA7A4DB000B8FB0 /* AllianzNeo-LightItalic.ttf in Resources */ = {isa = PBXBuildFile; fileRef = 78B741812AA7A4DB000B8FB0 /* AllianzNeo-LightItalic.ttf */; };
		78B7418D2AA7A4DB000B8FB0 /* AllianzNeo-Regular.ttf in Resources */ = {isa = PBXBuildFile; fileRef = 78B741822AA7A4DB000B8FB0 /* AllianzNeo-Regular.ttf */; };
		78B7418E2AA7A4DB000B8FB0 /* AllianzNeo-SemiBoldItalic.ttf in Resources */ = {isa = PBXBuildFile; fileRef = 78B741832AA7A4DB000B8FB0 /* AllianzNeo-SemiBoldItalic.ttf */; };
		78B7418F2AA7A4DB000B8FB0 /* AllianzNeo-BoldItalic.ttf in Resources */ = {isa = PBXBuildFile; fileRef = 78B741842AA7A4DB000B8FB0 /* AllianzNeo-BoldItalic.ttf */; };
		78B741902AA7A4DB000B8FB0 /* AllianzNeo-Italic.ttf in Resources */ = {isa = PBXBuildFile; fileRef = 78B741852AA7A4DB000B8FB0 /* AllianzNeo-Italic.ttf */; };
/* End PBXBuildFile section */

/* Begin PBXFileReference section */
		78B7412E2AA7091A000B8FB0 /* PoliciesPOC.app */ = {isa = PBXFileReference; explicitFileType = wrapper.application; includeInIndex = 0; path = PoliciesPOC.app; sourceTree = BUILT_PRODUCTS_DIR; };
		78B741312AA7091A000B8FB0 /* AppDelegate.swift */ = {isa = PBXFileReference; lastKnownFileType = sourcecode.swift; path = AppDelegate.swift; sourceTree = "<group>"; };
		78B741332AA7091A000B8FB0 /* SceneDelegate.swift */ = {isa = PBXFileReference; lastKnownFileType = sourcecode.swift; path = SceneDelegate.swift; sourceTree = "<group>"; };
		78B741352AA7091A000B8FB0 /* ViewController.swift */ = {isa = PBXFileReference; lastKnownFileType = sourcecode.swift; path = ViewController.swift; sourceTree = "<group>"; };
		78B741382AA7091B000B8FB0 /* Base */ = {isa = PBXFileReference; lastKnownFileType = file.storyboard; name = Base; path = Base.lproj/Main.storyboard; sourceTree = "<group>"; };
		78B7413A2AA7091C000B8FB0 /* Assets.xcassets */ = {isa = PBXFileReference; lastKnownFileType = folder.assetcatalog; path = Assets.xcassets; sourceTree = "<group>"; };
		78B7413D2AA7091C000B8FB0 /* Base */ = {isa = PBXFileReference; lastKnownFileType = file.storyboard; name = Base; path = Base.lproj/LaunchScreen.storyboard; sourceTree = "<group>"; };
		78B7413F2AA7091C000B8FB0 /* Info.plist */ = {isa = PBXFileReference; lastKnownFileType = text.plist.xml; path = Info.plist; sourceTree = "<group>"; };
		78B741452AA709CC000B8FB0 /* CustomerDetailsView.swift */ = {isa = PBXFileReference; lastKnownFileType = sourcecode.swift; path = CustomerDetailsView.swift; sourceTree = "<group>"; };
		78B741482AA7106F000B8FB0 /* CustomerDetailsViewModel.swift */ = {isa = PBXFileReference; lastKnownFileType = sourcecode.swift; path = CustomerDetailsViewModel.swift; sourceTree = "<group>"; };
		78B7414B2AA71124000B8FB0 /* CustomerDetailsDatasource.swift */ = {isa = PBXFileReference; lastKnownFileType = sourcecode.swift; path = CustomerDetailsDatasource.swift; sourceTree = "<group>"; };
		78B7414F2AA71EB3000B8FB0 /* CustomerDetailsCellView.swift */ = {isa = PBXFileReference; fileEncoding = 4; lastKnownFileType = sourcecode.swift; path = CustomerDetailsCellView.swift; sourceTree = "<group>"; };
		78B741502AA71EB3000B8FB0 /* CustomerDetailsCellView.xib */ = {isa = PBXFileReference; fileEncoding = 4; lastKnownFileType = file.xib; path = CustomerDetailsCellView.xib; sourceTree = "<group>"; };
		78B741512AA71EB3000B8FB0 /* CustomerDetailsContentConfiguration.swift */ = {isa = PBXFileReference; fileEncoding = 4; lastKnownFileType = sourcecode.swift; path = CustomerDetailsContentConfiguration.swift; sourceTree = "<group>"; };
		78B741572AA73095000B8FB0 /* CustomerDetailsModel.swift */ = {isa = PBXFileReference; lastKnownFileType = sourcecode.swift; path = CustomerDetailsModel.swift; sourceTree = "<group>"; };
		78B741592AA7313E000B8FB0 /* PolicyDetailsContentConfiguration.swift */ = {isa = PBXFileReference; lastKnownFileType = sourcecode.swift; path = PolicyDetailsContentConfiguration.swift; sourceTree = "<group>"; };
		78B7415B2AA73192000B8FB0 /* PolicyDetailsCellView.swift */ = {isa = PBXFileReference; lastKnownFileType = sourcecode.swift; path = PolicyDetailsCellView.swift; sourceTree = "<group>"; };
		78B7415D2AA731F5000B8FB0 /* PolicyDetailsCellView.xib */ = {isa = PBXFileReference; lastKnownFileType = file.xib; path = PolicyDetailsCellView.xib; sourceTree = "<group>"; };
		78B741672AA78FEC000B8FB0 /* CustomerDetailsCell.swift */ = {isa = PBXFileReference; lastKnownFileType = sourcecode.swift; path = CustomerDetailsCell.swift; sourceTree = "<group>"; };
		78B741692AA79402000B8FB0 /* PolicyDetailsCellViewModel.swift */ = {isa = PBXFileReference; lastKnownFileType = sourcecode.swift; path = PolicyDetailsCellViewModel.swift; sourceTree = "<group>"; };
		78B7416B2AA79F32000B8FB0 /* CustomerDetailsCellViewModel.swift */ = {isa = PBXFileReference; lastKnownFileType = sourcecode.swift; path = CustomerDetailsCellViewModel.swift; sourceTree = "<group>"; };
		78B7416E2AA7A38B000B8FB0 /* IB-Segues+Generated.swift */ = {isa = PBXFileReference; fileEncoding = 4; lastKnownFileType = sourcecode.swift; path = "IB-Segues+Generated.swift"; sourceTree = "<group>"; };
		78B7416F2AA7A38B000B8FB0 /* Strings+Generated.swift */ = {isa = PBXFileReference; fileEncoding = 4; lastKnownFileType = sourcecode.swift; path = "Strings+Generated.swift"; sourceTree = "<group>"; };
		78B741702AA7A38B000B8FB0 /* XCAssets+Generated.swift */ = {isa = PBXFileReference; fileEncoding = 4; lastKnownFileType = sourcecode.swift; path = "XCAssets+Generated.swift"; sourceTree = "<group>"; };
		78B741712AA7A38B000B8FB0 /* IB-Scenes+Generated.swift */ = {isa = PBXFileReference; fileEncoding = 4; lastKnownFileType = sourcecode.swift; path = "IB-Scenes+Generated.swift"; sourceTree = "<group>"; };
		78B741732AA7A38B000B8FB0 /* Fonts+Generated.swift */ = {isa = PBXFileReference; fileEncoding = 4; lastKnownFileType = sourcecode.swift; path = "Fonts+Generated.swift"; sourceTree = "<group>"; };
		78B7417B2AA7A4DB000B8FB0 /* AllianzNeo-Condensed.ttf */ = {isa = PBXFileReference; lastKnownFileType = file; path = "AllianzNeo-Condensed.ttf"; sourceTree = "<group>"; };
		78B7417C2AA7A4DB000B8FB0 /* AllianzNeo-CondensedLight.ttf */ = {isa = PBXFileReference; lastKnownFileType = file; path = "AllianzNeo-CondensedLight.ttf"; sourceTree = "<group>"; };
		78B7417D2AA7A4DB000B8FB0 /* AllianzNeo-SemiBold.ttf */ = {isa = PBXFileReference; lastKnownFileType = file; path = "AllianzNeo-SemiBold.ttf"; sourceTree = "<group>"; };
		78B7417E2AA7A4DB000B8FB0 /* AllianzNeo-Bold.ttf */ = {isa = PBXFileReference; lastKnownFileType = file; path = "AllianzNeo-Bold.ttf"; sourceTree = "<group>"; };
		78B7417F2AA7A4DB000B8FB0 /* AllianzNeo-Light.ttf */ = {isa = PBXFileReference; lastKnownFileType = file; path = "AllianzNeo-Light.ttf"; sourceTree = "<group>"; };
		78B741802AA7A4DB000B8FB0 /* AllianzNeo-CondensedBold.ttf */ = {isa = PBXFileReference; lastKnownFileType = file; path = "AllianzNeo-CondensedBold.ttf"; sourceTree = "<group>"; };
		78B741812AA7A4DB000B8FB0 /* AllianzNeo-LightItalic.ttf */ = {isa = PBXFileReference; lastKnownFileType = file; path = "AllianzNeo-LightItalic.ttf"; sourceTree = "<group>"; };
		78B741822AA7A4DB000B8FB0 /* AllianzNeo-Regular.ttf */ = {isa = PBXFileReference; lastKnownFileType = file; path = "AllianzNeo-Regular.ttf"; sourceTree = "<group>"; };
		78B741832AA7A4DB000B8FB0 /* AllianzNeo-SemiBoldItalic.ttf */ = {isa = PBXFileReference; lastKnownFileType = file; path = "AllianzNeo-SemiBoldItalic.ttf"; sourceTree = "<group>"; };
		78B741842AA7A4DB000B8FB0 /* AllianzNeo-BoldItalic.ttf */ = {isa = PBXFileReference; lastKnownFileType = file; path = "AllianzNeo-BoldItalic.ttf"; sourceTree = "<group>"; };
		78B741852AA7A4DB000B8FB0 /* AllianzNeo-Italic.ttf */ = {isa = PBXFileReference; lastKnownFileType = file; path = "AllianzNeo-Italic.ttf"; sourceTree = "<group>"; };
/* End PBXFileReference section */

/* Begin PBXFrameworksBuildPhase section */
		78B7412B2AA7091A000B8FB0 /* Frameworks */ = {
			isa = PBXFrameworksBuildPhase;
			buildActionMask = 2147483647;
			files = (
			);
			runOnlyForDeploymentPostprocessing = 0;
		};
/* End PBXFrameworksBuildPhase section */

/* Begin PBXGroup section */
		78B741252AA7091A000B8FB0 = {
			isa = PBXGroup;
			children = (
				78B741302AA7091A000B8FB0 /* PoliciesPOC */,
				78B7412F2AA7091A000B8FB0 /* Products */,
			);
			sourceTree = "<group>";
		};
		78B7412F2AA7091A000B8FB0 /* Products */ = {
			isa = PBXGroup;
			children = (
				78B7412E2AA7091A000B8FB0 /* PoliciesPOC.app */,
			);
			name = Products;
			sourceTree = "<group>";
		};
		78B741302AA7091A000B8FB0 /* PoliciesPOC */ = {
			isa = PBXGroup;
			children = (
				78B741472AA70F77000B8FB0 /* CustomerDetailView */,
				78B741312AA7091A000B8FB0 /* AppDelegate.swift */,
				78B741332AA7091A000B8FB0 /* SceneDelegate.swift */,
				78B741352AA7091A000B8FB0 /* ViewController.swift */,
				78B7417A2AA7A4DB000B8FB0 /* Fonts */,
				78B7416D2AA7A38B000B8FB0 /* Generated */,
				78B741372AA7091B000B8FB0 /* Main.storyboard */,
				78B7413A2AA7091C000B8FB0 /* Assets.xcassets */,
				78B7413C2AA7091C000B8FB0 /* LaunchScreen.storyboard */,
				78B7413F2AA7091C000B8FB0 /* Info.plist */,
			);
			path = PoliciesPOC;
			sourceTree = "<group>";
		};
		78B741472AA70F77000B8FB0 /* CustomerDetailView */ = {
			isa = PBXGroup;
			children = (
				78B741562AA73075000B8FB0 /* Models */,
				78B7414D2AA71E35000B8FB0 /* Cells */,
				78B7414A2AA7110F000B8FB0 /* Datasource */,
				78B741452AA709CC000B8FB0 /* CustomerDetailsView.swift */,
				78B741482AA7106F000B8FB0 /* CustomerDetailsViewModel.swift */,
			);
			path = CustomerDetailView;
			sourceTree = "<group>";
		};
		78B7414A2AA7110F000B8FB0 /* Datasource */ = {
			isa = PBXGroup;
			children = (
				78B7414B2AA71124000B8FB0 /* CustomerDetailsDatasource.swift */,
			);
			path = Datasource;
			sourceTree = "<group>";
		};
		78B7414D2AA71E35000B8FB0 /* Cells */ = {
			isa = PBXGroup;
			children = (
				78B741662AA78FC8000B8FB0 /* BaseCell */,
				78B741552AA7302C000B8FB0 /* PolicyDetailsCellView */,
				78B7414E2AA71EB3000B8FB0 /* CustomerDetailsCellView */,
			);
			path = Cells;
			sourceTree = "<group>";
		};
		78B7414E2AA71EB3000B8FB0 /* CustomerDetailsCellView */ = {
			isa = PBXGroup;
			children = (
				78B741512AA71EB3000B8FB0 /* CustomerDetailsContentConfiguration.swift */,
				78B7416B2AA79F32000B8FB0 /* CustomerDetailsCellViewModel.swift */,
				78B7414F2AA71EB3000B8FB0 /* CustomerDetailsCellView.swift */,
				78B741502AA71EB3000B8FB0 /* CustomerDetailsCellView.xib */,
			);
			path = CustomerDetailsCellView;
			sourceTree = "<group>";
		};
		78B741552AA7302C000B8FB0 /* PolicyDetailsCellView */ = {
			isa = PBXGroup;
			children = (
				78B741592AA7313E000B8FB0 /* PolicyDetailsContentConfiguration.swift */,
				78B741692AA79402000B8FB0 /* PolicyDetailsCellViewModel.swift */,
				78B7415B2AA73192000B8FB0 /* PolicyDetailsCellView.swift */,
				78B7415D2AA731F5000B8FB0 /* PolicyDetailsCellView.xib */,
			);
			path = PolicyDetailsCellView;
			sourceTree = "<group>";
		};
		78B741562AA73075000B8FB0 /* Models */ = {
			isa = PBXGroup;
			children = (
				78B741572AA73095000B8FB0 /* CustomerDetailsModel.swift */,
			);
			path = Models;
			sourceTree = "<group>";
		};
		78B741662AA78FC8000B8FB0 /* BaseCell */ = {
			isa = PBXGroup;
			children = (
				78B741672AA78FEC000B8FB0 /* CustomerDetailsCell.swift */,
			);
			path = BaseCell;
			sourceTree = "<group>";
		};
		78B7416D2AA7A38B000B8FB0 /* Generated */ = {
			isa = PBXGroup;
			children = (
				78B7416E2AA7A38B000B8FB0 /* IB-Segues+Generated.swift */,
				78B7416F2AA7A38B000B8FB0 /* Strings+Generated.swift */,
				78B741702AA7A38B000B8FB0 /* XCAssets+Generated.swift */,
				78B741712AA7A38B000B8FB0 /* IB-Scenes+Generated.swift */,
				78B741732AA7A38B000B8FB0 /* Fonts+Generated.swift */,
			);
			path = Generated;
			sourceTree = "<group>";
		};
		78B7417A2AA7A4DB000B8FB0 /* Fonts */ = {
			isa = PBXGroup;
			children = (
				78B7417B2AA7A4DB000B8FB0 /* AllianzNeo-Condensed.ttf */,
				78B7417C2AA7A4DB000B8FB0 /* AllianzNeo-CondensedLight.ttf */,
				78B7417D2AA7A4DB000B8FB0 /* AllianzNeo-SemiBold.ttf */,
				78B7417E2AA7A4DB000B8FB0 /* AllianzNeo-Bold.ttf */,
				78B7417F2AA7A4DB000B8FB0 /* AllianzNeo-Light.ttf */,
				78B741802AA7A4DB000B8FB0 /* AllianzNeo-CondensedBold.ttf */,
				78B741812AA7A4DB000B8FB0 /* AllianzNeo-LightItalic.ttf */,
				78B741822AA7A4DB000B8FB0 /* AllianzNeo-Regular.ttf */,
				78B741832AA7A4DB000B8FB0 /* AllianzNeo-SemiBoldItalic.ttf */,
				78B741842AA7A4DB000B8FB0 /* AllianzNeo-BoldItalic.ttf */,
				78B741852AA7A4DB000B8FB0 /* AllianzNeo-Italic.ttf */,
			);
			path = Fonts;
			sourceTree = "<group>";
		};
/* End PBXGroup section */

/* Begin PBXNativeTarget section */
		78B7412D2AA7091A000B8FB0 /* PoliciesPOC */ = {
			isa = PBXNativeTarget;
			buildConfigurationList = 78B741422AA7091C000B8FB0 /* Build configuration list for PBXNativeTarget "PoliciesPOC" */;
			buildPhases = (
				78B7412A2AA7091A000B8FB0 /* Sources */,
				78B7412B2AA7091A000B8FB0 /* Frameworks */,
				78B7412C2AA7091A000B8FB0 /* Resources */,
			);
			buildRules = (
			);
			dependencies = (
			);
			name = PoliciesPOC;
			productName = PoliciesPOC;
			productReference = 78B7412E2AA7091A000B8FB0 /* PoliciesPOC.app */;
			productType = "com.apple.product-type.application";
		};
/* End PBXNativeTarget section */

/* Begin PBXProject section */
		78B741262AA7091A000B8FB0 /* Project object */ = {
			isa = PBXProject;
			attributes = {
				BuildIndependentTargetsInParallel = 1;
				LastSwiftUpdateCheck = 1430;
				LastUpgradeCheck = 1430;
				TargetAttributes = {
					78B7412D2AA7091A000B8FB0 = {
						CreatedOnToolsVersion = 14.3.1;
					};
				};
			};
			buildConfigurationList = 78B741292AA7091A000B8FB0 /* Build configuration list for PBXProject "PoliciesPOC" */;
			compatibilityVersion = "Xcode 14.0";
			developmentRegion = en;
			hasScannedForEncodings = 0;
			knownRegions = (
				en,
				Base,
			);
			mainGroup = 78B741252AA7091A000B8FB0;
			productRefGroup = 78B7412F2AA7091A000B8FB0 /* Products */;
			projectDirPath = "";
			projectRoot = "";
			targets = (
				78B7412D2AA7091A000B8FB0 /* PoliciesPOC */,
			);
		};
/* End PBXProject section */

/* Begin PBXResourcesBuildPhase section */
		78B7412C2AA7091A000B8FB0 /* Resources */ = {
			isa = PBXResourcesBuildPhase;
			buildActionMask = 2147483647;
			files = (
				78B7418A2AA7A4DB000B8FB0 /* AllianzNeo-Light.ttf in Resources */,
				78B741902AA7A4DB000B8FB0 /* AllianzNeo-Italic.ttf in Resources */,
				78B7413E2AA7091C000B8FB0 /* LaunchScreen.storyboard in Resources */,
				78B7418B2AA7A4DB000B8FB0 /* AllianzNeo-CondensedBold.ttf in Resources */,
				78B7415E2AA731F5000B8FB0 /* PolicyDetailsCellView.xib in Resources */,
				78B7418E2AA7A4DB000B8FB0 /* AllianzNeo-SemiBoldItalic.ttf in Resources */,
				78B741532AA71EB3000B8FB0 /* CustomerDetailsCellView.xib in Resources */,
				78B741862AA7A4DB000B8FB0 /* AllianzNeo-Condensed.ttf in Resources */,
				78B7418C2AA7A4DB000B8FB0 /* AllianzNeo-LightItalic.ttf in Resources */,
				78B7418F2AA7A4DB000B8FB0 /* AllianzNeo-BoldItalic.ttf in Resources */,
				78B741892AA7A4DB000B8FB0 /* AllianzNeo-Bold.ttf in Resources */,
				78B741882AA7A4DB000B8FB0 /* AllianzNeo-SemiBold.ttf in Resources */,
				78B741872AA7A4DB000B8FB0 /* AllianzNeo-CondensedLight.ttf in Resources */,
				78B7413B2AA7091C000B8FB0 /* Assets.xcassets in Resources */,
				78B7418D2AA7A4DB000B8FB0 /* AllianzNeo-Regular.ttf in Resources */,
				78B741392AA7091B000B8FB0 /* Main.storyboard in Resources */,
			);
			runOnlyForDeploymentPostprocessing = 0;
		};
/* End PBXResourcesBuildPhase section */

/* Begin PBXSourcesBuildPhase section */
		78B7412A2AA7091A000B8FB0 /* Sources */ = {
			isa = PBXSourcesBuildPhase;
			buildActionMask = 2147483647;
			files = (
				78B7415C2AA73192000B8FB0 /* PolicyDetailsCellView.swift in Sources */,
				78B7416A2AA79402000B8FB0 /* PolicyDetailsCellViewModel.swift in Sources */,
				78B741362AA7091A000B8FB0 /* ViewController.swift in Sources */,
				78B741582AA73095000B8FB0 /* CustomerDetailsModel.swift in Sources */,
				78B7414C2AA71124000B8FB0 /* CustomerDetailsDatasource.swift in Sources */,
				78B741772AA7A38B000B8FB0 /* IB-Scenes+Generated.swift in Sources */,
				78B7416C2AA79F32000B8FB0 /* CustomerDetailsCellViewModel.swift in Sources */,
				78B741752AA7A38B000B8FB0 /* Strings+Generated.swift in Sources */,
				78B741792AA7A38B000B8FB0 /* Fonts+Generated.swift in Sources */,
				78B741322AA7091A000B8FB0 /* AppDelegate.swift in Sources */,
				78B741342AA7091A000B8FB0 /* SceneDelegate.swift in Sources */,
				78B7415A2AA7313E000B8FB0 /* PolicyDetailsContentConfiguration.swift in Sources */,
				78B741542AA71EB3000B8FB0 /* CustomerDetailsContentConfiguration.swift in Sources */,
				78B741742AA7A38B000B8FB0 /* IB-Segues+Generated.swift in Sources */,
				78B741682AA78FEC000B8FB0 /* CustomerDetailsCell.swift in Sources */,
				78B741462AA709CC000B8FB0 /* CustomerDetailsView.swift in Sources */,
				78B741492AA7106F000B8FB0 /* CustomerDetailsViewModel.swift in Sources */,
				78B741762AA7A38B000B8FB0 /* XCAssets+Generated.swift in Sources */,
				78B741522AA71EB3000B8FB0 /* CustomerDetailsCellView.swift in Sources */,
			);
			runOnlyForDeploymentPostprocessing = 0;
		};
/* End PBXSourcesBuildPhase section */

/* Begin PBXVariantGroup section */
		78B741372AA7091B000B8FB0 /* Main.storyboard */ = {
			isa = PBXVariantGroup;
			children = (
				78B741382AA7091B000B8FB0 /* Base */,
			);
			name = Main.storyboard;
			sourceTree = "<group>";
		};
		78B7413C2AA7091C000B8FB0 /* LaunchScreen.storyboard */ = {
			isa = PBXVariantGroup;
			children = (
				78B7413D2AA7091C000B8FB0 /* Base */,
			);
			name = LaunchScreen.storyboard;
			sourceTree = "<group>";
		};
/* End PBXVariantGroup section */

/* Begin XCBuildConfiguration section */
		78B741402AA7091C000B8FB0 /* Debug */ = {
			isa = XCBuildConfiguration;
			buildSettings = {
				ALWAYS_SEARCH_USER_PATHS = NO;
				CLANG_ANALYZER_NONNULL = YES;
				CLANG_ANALYZER_NUMBER_OBJECT_CONVERSION = YES_AGGRESSIVE;
				CLANG_CXX_LANGUAGE_STANDARD = "gnu++20";
				CLANG_ENABLE_MODULES = YES;
				CLANG_ENABLE_OBJC_ARC = YES;
				CLANG_ENABLE_OBJC_WEAK = YES;
				CLANG_WARN_BLOCK_CAPTURE_AUTORELEASING = YES;
				CLANG_WARN_BOOL_CONVERSION = YES;
				CLANG_WARN_COMMA = YES;
				CLANG_WARN_CONSTANT_CONVERSION = YES;
				CLANG_WARN_DEPRECATED_OBJC_IMPLEMENTATIONS = YES;
				CLANG_WARN_DIRECT_OBJC_ISA_USAGE = YES_ERROR;
				CLANG_WARN_DOCUMENTATION_COMMENTS = YES;
				CLANG_WARN_EMPTY_BODY = YES;
				CLANG_WARN_ENUM_CONVERSION = YES;
				CLANG_WARN_INFINITE_RECURSION = YES;
				CLANG_WARN_INT_CONVERSION = YES;
				CLANG_WARN_NON_LITERAL_NULL_CONVERSION = YES;
				CLANG_WARN_OBJC_IMPLICIT_RETAIN_SELF = YES;
				CLANG_WARN_OBJC_LITERAL_CONVERSION = YES;
				CLANG_WARN_OBJC_ROOT_CLASS = YES_ERROR;
				CLANG_WARN_QUOTED_INCLUDE_IN_FRAMEWORK_HEADER = YES;
				CLANG_WARN_RANGE_LOOP_ANALYSIS = YES;
				CLANG_WARN_STRICT_PROTOTYPES = YES;
				CLANG_WARN_SUSPICIOUS_MOVE = YES;
				CLANG_WARN_UNGUARDED_AVAILABILITY = YES_AGGRESSIVE;
				CLANG_WARN_UNREACHABLE_CODE = YES;
				CLANG_WARN__DUPLICATE_METHOD_MATCH = YES;
				COPY_PHASE_STRIP = NO;
				DEBUG_INFORMATION_FORMAT = dwarf;
				ENABLE_STRICT_OBJC_MSGSEND = YES;
				ENABLE_TESTABILITY = YES;
				GCC_C_LANGUAGE_STANDARD = gnu11;
				GCC_DYNAMIC_NO_PIC = NO;
				GCC_NO_COMMON_BLOCKS = YES;
				GCC_OPTIMIZATION_LEVEL = 0;
				GCC_PREPROCESSOR_DEFINITIONS = (
					"DEBUG=1",
					"$(inherited)",
				);
				GCC_WARN_64_TO_32_BIT_CONVERSION = YES;
				GCC_WARN_ABOUT_RETURN_TYPE = YES_ERROR;
				GCC_WARN_UNDECLARED_SELECTOR = YES;
				GCC_WARN_UNINITIALIZED_AUTOS = YES_AGGRESSIVE;
				GCC_WARN_UNUSED_FUNCTION = YES;
				GCC_WARN_UNUSED_VARIABLE = YES;
				IPHONEOS_DEPLOYMENT_TARGET = 14.5;
				MTL_ENABLE_DEBUG_INFO = INCLUDE_SOURCE;
				MTL_FAST_MATH = YES;
				ONLY_ACTIVE_ARCH = YES;
				SDKROOT = iphoneos;
				SWIFT_ACTIVE_COMPILATION_CONDITIONS = DEBUG;
				SWIFT_OPTIMIZATION_LEVEL = "-Onone";
			};
			name = Debug;
		};
		78B741412AA7091C000B8FB0 /* Release */ = {
			isa = XCBuildConfiguration;
			buildSettings = {
				ALWAYS_SEARCH_USER_PATHS = NO;
				CLANG_ANALYZER_NONNULL = YES;
				CLANG_ANALYZER_NUMBER_OBJECT_CONVERSION = YES_AGGRESSIVE;
				CLANG_CXX_LANGUAGE_STANDARD = "gnu++20";
				CLANG_ENABLE_MODULES = YES;
				CLANG_ENABLE_OBJC_ARC = YES;
				CLANG_ENABLE_OBJC_WEAK = YES;
				CLANG_WARN_BLOCK_CAPTURE_AUTORELEASING = YES;
				CLANG_WARN_BOOL_CONVERSION = YES;
				CLANG_WARN_COMMA = YES;
				CLANG_WARN_CONSTANT_CONVERSION = YES;
				CLANG_WARN_DEPRECATED_OBJC_IMPLEMENTATIONS = YES;
				CLANG_WARN_DIRECT_OBJC_ISA_USAGE = YES_ERROR;
				CLANG_WARN_DOCUMENTATION_COMMENTS = YES;
				CLANG_WARN_EMPTY_BODY = YES;
				CLANG_WARN_ENUM_CONVERSION = YES;
				CLANG_WARN_INFINITE_RECURSION = YES;
				CLANG_WARN_INT_CONVERSION = YES;
				CLANG_WARN_NON_LITERAL_NULL_CONVERSION = YES;
				CLANG_WARN_OBJC_IMPLICIT_RETAIN_SELF = YES;
				CLANG_WARN_OBJC_LITERAL_CONVERSION = YES;
				CLANG_WARN_OBJC_ROOT_CLASS = YES_ERROR;
				CLANG_WARN_QUOTED_INCLUDE_IN_FRAMEWORK_HEADER = YES;
				CLANG_WARN_RANGE_LOOP_ANALYSIS = YES;
				CLANG_WARN_STRICT_PROTOTYPES = YES;
				CLANG_WARN_SUSPICIOUS_MOVE = YES;
				CLANG_WARN_UNGUARDED_AVAILABILITY = YES_AGGRESSIVE;
				CLANG_WARN_UNREACHABLE_CODE = YES;
				CLANG_WARN__DUPLICATE_METHOD_MATCH = YES;
				COPY_PHASE_STRIP = NO;
				DEBUG_INFORMATION_FORMAT = "dwarf-with-dsym";
				ENABLE_NS_ASSERTIONS = NO;
				ENABLE_STRICT_OBJC_MSGSEND = YES;
				GCC_C_LANGUAGE_STANDARD = gnu11;
				GCC_NO_COMMON_BLOCKS = YES;
				GCC_WARN_64_TO_32_BIT_CONVERSION = YES;
				GCC_WARN_ABOUT_RETURN_TYPE = YES_ERROR;
				GCC_WARN_UNDECLARED_SELECTOR = YES;
				GCC_WARN_UNINITIALIZED_AUTOS = YES_AGGRESSIVE;
				GCC_WARN_UNUSED_FUNCTION = YES;
				GCC_WARN_UNUSED_VARIABLE = YES;
				IPHONEOS_DEPLOYMENT_TARGET = 14.5;
				MTL_ENABLE_DEBUG_INFO = NO;
				MTL_FAST_MATH = YES;
				SDKROOT = iphoneos;
				SWIFT_COMPILATION_MODE = wholemodule;
				SWIFT_OPTIMIZATION_LEVEL = "-O";
				VALIDATE_PRODUCT = YES;
			};
			name = Release;
		};
		78B741432AA7091C000B8FB0 /* Debug */ = {
			isa = XCBuildConfiguration;
			buildSettings = {
				ASSETCATALOG_COMPILER_APPICON_NAME = AppIcon;
				ASSETCATALOG_COMPILER_GLOBAL_ACCENT_COLOR_NAME = AccentColor;
				CODE_SIGN_STYLE = Automatic;
				CURRENT_PROJECT_VERSION = 1;
				DEVELOPMENT_TEAM = QVFBZ7RHN2;
				GENERATE_INFOPLIST_FILE = YES;
				INFOPLIST_FILE = PoliciesPOC/Info.plist;
				INFOPLIST_KEY_UIApplicationSupportsIndirectInputEvents = YES;
				INFOPLIST_KEY_UILaunchStoryboardName = LaunchScreen;
				INFOPLIST_KEY_UIMainStoryboardFile = Main;
				INFOPLIST_KEY_UISupportedInterfaceOrientations_iPad = "UIInterfaceOrientationPortrait UIInterfaceOrientationPortraitUpsideDown UIInterfaceOrientationLandscapeLeft UIInterfaceOrientationLandscapeRight";
				INFOPLIST_KEY_UISupportedInterfaceOrientations_iPhone = "UIInterfaceOrientationPortrait UIInterfaceOrientationLandscapeLeft UIInterfaceOrientationLandscapeRight";
				LD_RUNPATH_SEARCH_PATHS = (
					"$(inherited)",
					"@executable_path/Frameworks",
				);
				MARKETING_VERSION = 1.0;
				PRODUCT_BUNDLE_IDENTIFIER = com.lymes.page.PoliciesPOC;
				PRODUCT_NAME = "$(TARGET_NAME)";
				SWIFT_EMIT_LOC_STRINGS = YES;
				SWIFT_VERSION = 5.0;
				TARGETED_DEVICE_FAMILY = "1,2";
			};
			name = Debug;
		};
		78B741442AA7091C000B8FB0 /* Release */ = {
			isa = XCBuildConfiguration;
			buildSettings = {
				ASSETCATALOG_COMPILER_APPICON_NAME = AppIcon;
				ASSETCATALOG_COMPILER_GLOBAL_ACCENT_COLOR_NAME = AccentColor;
				CODE_SIGN_STYLE = Automatic;
				CURRENT_PROJECT_VERSION = 1;
				DEVELOPMENT_TEAM = QVFBZ7RHN2;
				GENERATE_INFOPLIST_FILE = YES;
				INFOPLIST_FILE = PoliciesPOC/Info.plist;
				INFOPLIST_KEY_UIApplicationSupportsIndirectInputEvents = YES;
				INFOPLIST_KEY_UILaunchStoryboardName = LaunchScreen;
				INFOPLIST_KEY_UIMainStoryboardFile = Main;
				INFOPLIST_KEY_UISupportedInterfaceOrientations_iPad = "UIInterfaceOrientationPortrait UIInterfaceOrientationPortraitUpsideDown UIInterfaceOrientationLandscapeLeft UIInterfaceOrientationLandscapeRight";
				INFOPLIST_KEY_UISupportedInterfaceOrientations_iPhone = "UIInterfaceOrientationPortrait UIInterfaceOrientationLandscapeLeft UIInterfaceOrientationLandscapeRight";
				LD_RUNPATH_SEARCH_PATHS = (
					"$(inherited)",
					"@executable_path/Frameworks",
				);
				MARKETING_VERSION = 1.0;
				PRODUCT_BUNDLE_IDENTIFIER = com.lymes.page.PoliciesPOC;
				PRODUCT_NAME = "$(TARGET_NAME)";
				SWIFT_EMIT_LOC_STRINGS = YES;
				SWIFT_VERSION = 5.0;
				TARGETED_DEVICE_FAMILY = "1,2";
			};
			name = Release;
		};
/* End XCBuildConfiguration section */

/* Begin XCConfigurationList section */
		78B741292AA7091A000B8FB0 /* Build configuration list for PBXProject "PoliciesPOC" */ = {
			isa = XCConfigurationList;
			buildConfigurations = (
				78B741402AA7091C000B8FB0 /* Debug */,
				78B741412AA7091C000B8FB0 /* Release */,
			);
			defaultConfigurationIsVisible = 0;
			defaultConfigurationName = Release;
		};
		78B741422AA7091C000B8FB0 /* Build configuration list for PBXNativeTarget "PoliciesPOC" */ = {
			isa = XCConfigurationList;
			buildConfigurations = (
				78B741432AA7091C000B8FB0 /* Debug */,
				78B741442AA7091C000B8FB0 /* Release */,
			);
			defaultConfigurationIsVisible = 0;
			defaultConfigurationName = Release;
		};
/* End XCConfigurationList section */
	};
	rootObject = 78B741262AA7091A000B8FB0 /* Project object */;
}
